{
  "name": "docs",
  "lockfileVersion": 3,
  "requires": true,
  "packages": {
    "": {
      "dependencies": {
        "nuclei": "^0.2.3"
      }
    },
    "node_modules/nuclei": {
      "version": "0.2.3",
      "resolved": "https://registry.npmjs.org/nuclei/-/nuclei-0.2.3.tgz",
      "integrity": "sha512-EJzkgvbE8MSLQ3ID55iwdt5Vh4NOvs747JHBiEWqLpSUYaN9LMuluqHrxVzRLlQXoG5sCKIpIumOsYZOVZ93Mw==",
      "license": "MIT",
      "engines": {
        "node": ">=0.8"
      }
    }
  }
}
